
Microsoft Visual Studio Solution File, Format Version 12.00
# Visual Studio Version 16
VisualStudioVersion = 16.0.30523.141
MinimumVisualStudioVersion = 10.0.40219.1
Project("{FAE04EC0-301F-11D3-BF4B-00C04F79EFBC}") = "PowerBiBuddy", "PowerBiBuddy.csproj", "{B626DE43-DB17-4008-8E8A-8F6EA507F6BC}"
EndProject
Global
	GlobalSection(SolutionConfigurationPlatforms) = preSolution
		Debug|Any CPU = Debug|Any CPU
		Release|Any CPU = Release|Any CPU
	EndGlobalSection
	GlobalSection(ProjectConfigurationPlatforms) = postSolution
		{B626DE43-DB17-4008-8E8A-8F6EA507F6BC}.Debug|Any CPU.ActiveCfg = Debug|Any CPU
		{B626DE43-DB17-4008-8E8A-8F6EA507F6BC}.Debug|Any CPU.Build.0 = Debug|Any CPU
		{B626DE43-DB17-4008-8E8A-8F6EA507F6BC}.Release|Any CPU.ActiveCfg = Release|Any CPU
		{B626DE43-DB17-4008-8E8A-8F6EA507F6BC}.Release|Any CPU.Build.0 = Release|Any CPU
	EndGlobalSection
	GlobalSection(SolutionProperties) = preSolution
		HideSolutionNode = FALSE
	EndGlobalSection
	GlobalSection(ExtensibilityGlobals) = postSolution
		SolutionGuid = {6573D9EB-5C67-46FA-948B-C3C8CF5C9EF7}
	EndGlobalSection
EndGlobal
